// !$*UTF8*$!
{
	archiveVersion = 1;
	classes = {
	};
	objectVersion = 46;
	objects = {

/* Begin PBXBuildFile section */
		CCB028EB1E40D0B500D29669 /* AppDelegate.swift in Sources */ = {isa = PBXBuildFile; fileRef = CCB028EA1E40D0B500D29669 /* AppDelegate.swift */; };
		CCB028ED1E40D0B500D29669 /* ViewController.swift in Sources */ = {isa = PBXBuildFile; fileRef = CCB028EC1E40D0B500D29669 /* ViewController.swift */; };
		CCB028F01E40D0B500D29669 /* Main.storyboard in Resources */ = {isa = PBXBuildFile; fileRef = CCB028EE1E40D0B500D29669 /* Main.storyboard */; };
		CCB028F21E40D0B500D29669 /* Assets.xcassets in Resources */ = {isa = PBXBuildFile; fileRef = CCB028F11E40D0B500D29669 /* Assets.xcassets */; };
		CCB028F51E40D0B500D29669 /* LaunchScreen.storyboard in Resources */ = {isa = PBXBuildFile; fileRef = CCB028F31E40D0B500D29669 /* LaunchScreen.storyboard */; };
/* End PBXBuildFile section */

/* Begin PBXFileReference section */
		CCB028E71E40D0B500D29669 /* I am Tall.app */ = {isa = PBXFileReference; explicitFileType = wrapper.application; includeInIndex = 0; path = "I am Tall.app"; sourceTree = BUILT_PRODUCTS_DIR; };
		CCB028EA1E40D0B500D29669 /* AppDelegate.swift */ = {isa = PBXFileReference; lastKnownFileType = sourcecode.swift; path = AppDelegate.swift; sourceTree = "<group>"; };
		CCB028EC1E40D0B500D29669 /* ViewController.swift */ = {isa = PBXFileReference; lastKnownFileType = sourcecode.swift; path = ViewController.swift; sourceTree = "<group>"; };
		CCB028EF1E40D0B500D29669 /* Base */ = {isa = PBXFileReference; lastKnownFileType = file.storyboard; name = Base; path = Base.lproj/Main.storyboard; sourceTree = "<group>"; };
		CCB028F11E40D0B500D29669 /* Assets.xcassets */ = {isa = PBXFileReference; lastKnownFileType = folder.assetcatalog; path = Assets.xcassets; sourceTree = "<group>"; };
		CCB028F41E40D0B500D29669 /* Base */ = {isa = PBXFileReference; lastKnownFileType = file.storyboard; name = Base; path = Base.lproj/LaunchScreen.storyboard; sourceTree = "<group>"; };
		CCB028F61E40D0B500D29669 /* Info.plist */ = {isa = PBXFileReference; lastKnownFileType = text.plist.xml; path = Info.plist; sourceTree = "<group>"; };
/* End PBXFileReference section */

/* Begin PBXFrameworksBuildPhase section */
		CCB028E41E40D0B500D29669 /* Frameworks */ = {
			isa = PBXFrameworksBuildPhase;
			buildActionMask = 2147483647;
			files = (
			);
			runOnlyForDeploymentPostprocessing = 0;
		};
/* End PBXFrameworksBuildPhase section */

/* Begin PBXGroup section */
		CCB028DE1E40D0B500D29669 = {
			isa = PBXGroup;
			children = (
				CCB028E91E40D0B500D29669 /* I am Tall */,
				CCB028E81E40D0B500D29669 /* Products */,
			);
			sourceTree = "<group>";
		};
		CCB028E81E40D0B500D29669 /* Products */ = {
			isa = PBXGroup;
			children = (
				CCB028E71E40D0B500D29669 /* I am Tall.app */,
			);
			name = Products;
			sourceTree = "<group>";
		};
		CCB028E91E40D0B500D29669 /* I am Tall */ = {
			isa = PBXGroup;
			children = (
				CCB028EA1E40D0B500D29669 /* AppDelegate.swift */,
				CCB028EC1E40D0B500D29669 /* ViewController.swift */,
				CCB028EE1E40D0B500D29669 /* Main.storyboard */,
				CCB028F11E40D0B500D29669 /* Assets.xcassets */,
				CCB028F31E40D0B500D29669 /* LaunchScreen.storyboard */,
				CCB028F61E40D0B500D29669 /* Info.plist */,
			);
			path = "I am Tall";
			sourceTree = "<group>";
		};
/* End PBXGroup section */

/* Begin PBXNativeTarget section */
		CCB028E61E40D0B500D29669 /* I am Tall */ = {
			isa = PBXNativeTarget;
			buildConfigurationList = CCB028F91E40D0B500D29669 /* Build configuration list for PBXNativeTarget "I am Tall" */;
			buildPhases = (
				CCB028E31E40D0B500D29669 /* Sources */,
				CCB028E41E40D0B500D29669 /* Frameworks */,
				CCB028E51E40D0B500D29669 /* Resources */,
			);
			buildRules = (
			);
			dependencies = (
			);
			name = "I am Tall";
			productName = "I am Tall";
			productReference = CCB028E71E40D0B500D29669 /* I am Tall.app */;
			productType = "com.apple.product-type.application";
		};
/* End PBXNativeTarget section */

/* Begin PBXProject section */
		CCB028DF1E40D0B500D29669 /* Project object */ = {
			isa = PBXProject;
			attributes = {
				LastSwiftUpdateCheck = 0820;
				LastUpgradeCheck = 0820;
				ORGANIZATIONNAME = iosWorkshop2017;
				TargetAttributes = {
					CCB028E61E40D0B500D29669 = {
						CreatedOnToolsVersion = 8.2.1;
						DevelopmentTeam = TUUBAVQP9G;
						ProvisioningStyle = Automatic;
					};
				};
			};
			buildConfigurationList = CCB028E21E40D0B500D29669 /* Build configuration list for PBXProject "I am Tall" */;
			compatibilityVersion = "Xcode 3.2";
			developmentRegion = English;
			hasScannedForEncodings = 0;
			knownRegions = (
				en,
				Base,
			);
			mainGroup = CCB028DE1E40D0B500D29669;
			productRefGroup = CCB028E81E40D0B500D29669 /* Products */;
			projectDirPath = "";
			projectRoot = "";
			targets = (
				CCB028E61E40D0B500D29669 /* I am Tall */,
			);
		};
/* End PBXProject section */

/* Begin PBXResourcesBuildPhase section */
		CCB028E51E40D0B500D29669 /* Resources */ = {
			isa = PBXResourcesBuildPhase;
			buildActionMask = 2147483647;
			files = (
				CCB028F51E40D0B500D29669 /* LaunchScreen.storyboard in Resources */,
				CCB028F21E40D0B500D29669 /* Assets.xcassets in Resources */,
				CCB028F01E40D0B500D29669 /* Main.storyboard in Resources */,
			);
			runOnlyForDeploymentPostprocessing = 0;
		};
/* End PBXResourcesBuildPhase section */

/* Begin PBXSourcesBuildPhase section */
		CCB028E31E40D0B500D29669 /* Sources */ = {
			isa = PBXSourcesBuildPhase;
			buildActionMask = 2147483647;
			files = (
				CCB028ED1E40D0B500D29669 /* ViewController.swift in Sources */,
				CCB028EB1E40D0B500D29669 /* AppDelegate.swift in Sources */,
			);
			runOnlyForDeploymentPostprocessing = 0;
		};
/* End PBXSourcesBuildPhase section */

/* Begin PBXVariantGroup section */
		CCB028EE1E40D0B500D29669 /* Main.storyboard */ = {
			isa = PBXVariantGroup;
			children = (
				CCB028EF1E40D0B500D29669 /* Base */,
			);
			name = Main.storyboard;
			sourceTree = "<group>";
		};
		CCB028F31E40D0B500D29669 /* LaunchScreen.storyboard */ = {
			isa = PBXVariantGroup;
			children = (
				CCB028F41E40D0B500D29669 /* Base */,
			);
			name = LaunchScreen.storyboard;
			sourceTree = "<group>";
		};
/* End PBXVariantGroup section */

/* Begin XCBuildConfiguration section */
		CCB028F71E40D0B500D29669 /* Debug */ = {
			isa = XCBuildConfiguration;
			buildSettings = {
				ALWAYS_SEARCH_USER_PATHS = NO;
				CLANG_ANALYZER_NONNULL = YES;
				CLANG_CXX_LANGUAGE_STANDARD = "gnu++0x";
				CLANG_CXX_LIBRARY = "libc++";
				CLANG_ENABLE_MODULES = YES;
				CLANG_ENABLE_OBJC_ARC = YES;
				CLANG_WARN_BOOL_CONVERSION = YES;
				CLANG_WARN_CONSTANT_CONVERSION = YES;
				CLANG_WARN_DIRECT_OBJC_ISA_USAGE = YES_ERROR;
				CLANG_WARN_DOCUMENTATION_COMMENTS = YES;
				CLANG_WARN_EMPTY_BODY = YES;
				CLANG_WARN_ENUM_CONVERSION = YES;
				CLANG_WARN_INFINITE_RECURSION = YES;
				CLANG_WARN_INT_CONVERSION = YES;
				CLANG_WARN_OBJC_ROOT_CLASS = YES_ERROR;
				CLANG_WARN_SUSPICIOUS_MOVE = YES;
				CLANG_WARN_UNREACHABLE_CODE = YES;
				CLANG_WARN__DUPLICATE_METHOD_MATCH = YES;
				"CODE_SIGN_IDENTITY[sdk=iphoneos*]" = "iPhone Developer";
				COPY_PHASE_STRIP = NO;
				DEBUG_INFORMATION_FORMAT = dwarf;
				ENABLE_STRICT_OBJC_MSGSEND = YES;
				ENABLE_TESTABILITY = YES;
				GCC_C_LANGUAGE_STANDARD = gnu99;
				GCC_DYNAMIC_NO_PIC = NO;
				GCC_NO_COMMON_BLOCKS = YES;
				GCC_OPTIMIZATION_LEVEL = 0;
				GCC_PREPROCESSOR_DEFINITIONS = (
					"DEBUG=1",
					"$(inherited)",
				);
				GCC_WARN_64_TO_32_BIT_CONVERSION = YES;
				GCC_WARN_ABOUT_RETURN_TYPE = YES_ERROR;
				GCC_WARN_UNDECLARED_SELECTOR = YES;
				GCC_WARN_UNINITIALIZED_AUTOS = YES_AGGRESSIVE;
				GCC_WARN_UNUSED_FUNCTION = YES;
				GCC_WARN_UNUSED_VARIABLE = YES;
				IPHONEOS_DEPLOYMENT_TARGET = 10.2;
				MTL_ENABLE_DEBUG_INFO = YES;
				ONLY_ACTIVE_ARCH = YES;
				SDKROOT = iphoneos;
				SWIFT_ACTIVE_COMPILATION_CONDITIONS = DEBUG;
				SWIFT_OPTIMIZATION_LEVEL = "-Onone";
				TARGETED_DEVICE_FAMILY = "1,2";
			};
			name = Debug;
		};
		CCB028F81E40D0B500D29669 /* Release */ = {
			isa = XCBuildConfiguration;
			buildSettings = {
				ALWAYS_SEARCH_USER_PATHS = NO;
				CLANG_ANALYZER_NONNULL = YES;
				CLANG_CXX_LANGUAGE_STANDARD = "gnu++0x";
				CLANG_CXX_LIBRARY = "libc++";
				CLANG_ENABLE_MODULES = YES;
				CLANG_ENABLE_OBJC_ARC = YES;
				CLANG_WARN_BOOL_CONVERSION = YES;
				CLANG_WARN_CONSTANT_CONVERSION = YES;
				CLANG_WARN_DIRECT_OBJC_ISA_USAGE = YES_ERROR;
				CLANG_WARN_DOCUMENTATION_COMMENTS = YES;
				CLANG_WARN_EMPTY_BODY = YES;
				CLANG_WARN_ENUM_CONVERSION = YES;
				CLANG_WARN_INFINITE_RECURSION = YES;
				CLANG_WARN_INT_CONVERSION = YES;
				CLANG_WARN_OBJC_ROOT_CLASS = YES_ERROR;
				CLANG_WARN_SUSPICIOUS_MOVE = YES;
				CLANG_WARN_UNREACHABLE_CODE = YES;
				CLANG_WARN__DUPLICATE_METHOD_MATCH = YES;
				"CODE_SIGN_IDENTITY[sdk=iphoneos*]" = "iPhone Developer";
				COPY_PHASE_STRIP = NO;
				DEBUG_INFORMATION_FORMAT = "dwarf-with-dsym";
				ENABLE_NS_ASSERTIONS = NO;
				ENABLE_STRICT_OBJC_MSGSEND = YES;
				GCC_C_LANGUAGE_STANDARD = gnu99;
				GCC_NO_COMMON_BLOCKS = YES;
				GCC_WARN_64_TO_32_BIT_CONVERSION = YES;
				GCC_WARN_ABOUT_RETURN_TYPE = YES_ERROR;
				GCC_WARN_UNDECLARED_SELECTOR = YES;
				GCC_WARN_UNINITIALIZED_AUTOS = YES_AGGRESSIVE;
				GCC_WARN_UNUSED_FUNCTION = YES;
				GCC_WARN_UNUSED_VARIABLE = YES;
				IPHONEOS_DEPLOYMENT_TARGET = 10.2;
				MTL_ENABLE_DEBUG_INFO = NO;
				SDKROOT = iphoneos;
				SWIFT_OPTIMIZATION_LEVEL = "-Owholemodule";
				TARGETED_DEVICE_FAMILY = "1,2";
				VALIDATE_PRODUCT = YES;
			};
			name = Release;
		};
		CCB028FA1E40D0B500D29669 /* Debug */ = {
			isa = XCBuildConfiguration;
			buildSettings = {
				ASSETCATALOG_COMPILER_APPICON_NAME = AppIcon;
				DEVELOPMENT_TEAM = TUUBAVQP9G;
				INFOPLIST_FILE = "I am Tall/Info.plist";
				LD_RUNPATH_SEARCH_PATHS = "$(inherited) @executable_path/Frameworks";
				PRODUCT_BUNDLE_IDENTIFIER = "com.iosWorkshop2017.I-am-Tall";
				PRODUCT_NAME = "$(TARGET_NAME)";
				SWIFT_VERSION = 3.0;
			};
			name = Debug;
		};
		CCB028FB1E40D0B500D29669 /* Release */ = {
			isa = XCBuildConfiguration;
			buildSettings = {
				ASSETCATALOG_COMPILER_APPICON_NAME = AppIcon;
				DEVELOPMENT_TEAM = TUUBAVQP9G;
				INFOPLIST_FILE = "I am Tall/Info.plist";
				LD_RUNPATH_SEARCH_PATHS = "$(inherited) @executable_path/Frameworks";
				PRODUCT_BUNDLE_IDENTIFIER = "com.iosWorkshop2017.I-am-Tall";
				PRODUCT_NAME = "$(TARGET_NAME)";
				SWIFT_VERSION = 3.0;
			};
			name = Release;
		};
/* End XCBuildConfiguration section */

/* Begin XCConfigurationList section */
		CCB028E21E40D0B500D29669 /* Build configuration list for PBXProject "I am Tall" */ = {
			isa = XCConfigurationList;
			buildConfigurations = (
				CCB028F71E40D0B500D29669 /* Debug */,
				CCB028F81E40D0B500D29669 /* Release */,
			);
			defaultConfigurationIsVisible = 0;
			defaultConfigurationName = Release;
		};
		CCB028F91E40D0B500D29669 /* Build configuration list for PBXNativeTarget "I am Tall" */ = {
			isa = XCConfigurationList;
			buildConfigurations = (
				CCB028FA1E40D0B500D29669 /* Debug */,
				CCB028FB1E40D0B500D29669 /* Release */,
			);
			defaultConfigurationIsVisible = 0;
		};
/* End XCConfigurationList section */
	};
	rootObject = CCB028DF1E40D0B500D29669 /* Project object */;
}
