// !$*UTF8*$!
{
	archiveVersion = 1;
	classes = {
	};
	objectVersion = 46;
	objects = {

/* Begin PBXBuildFile section */
		CC6608691E3F4957008712D2 /* AppDelegate.swift in Sources */ = {isa = PBXBuildFile; fileRef = CC6608681E3F4957008712D2 /* AppDelegate.swift */; };
		CC66086B1E3F4957008712D2 /* ViewController.swift in Sources */ = {isa = PBXBuildFile; fileRef = CC66086A1E3F4957008712D2 /* ViewController.swift */; };
		CC66086E1E3F4957008712D2 /* Main.storyboard in Resources */ = {isa = PBXBuildFile; fileRef = CC66086C1E3F4957008712D2 /* Main.storyboard */; };
		CC6608701E3F4957008712D2 /* Assets.xcassets in Resources */ = {isa = PBXBuildFile; fileRef = CC66086F1E3F4957008712D2 /* Assets.xcassets */; };
		CC6608731E3F4957008712D2 /* LaunchScreen.storyboard in Resources */ = {isa = PBXBuildFile; fileRef = CC6608711E3F4957008712D2 /* LaunchScreen.storyboard */; };
/* End PBXBuildFile section */

/* Begin PBXFileReference section */
		CC6608651E3F4957008712D2 /* LogMeIn.app */ = {isa = PBXFileReference; explicitFileType = wrapper.application; includeInIndex = 0; path = LogMeIn.app; sourceTree = BUILT_PRODUCTS_DIR; };
		CC6608681E3F4957008712D2 /* AppDelegate.swift */ = {isa = PBXFileReference; lastKnownFileType = sourcecode.swift; path = AppDelegate.swift; sourceTree = "<group>"; };
		CC66086A1E3F4957008712D2 /* ViewController.swift */ = {isa = PBXFileReference; lastKnownFileType = sourcecode.swift; path = ViewController.swift; sourceTree = "<group>"; };
		CC66086D1E3F4957008712D2 /* Base */ = {isa = PBXFileReference; lastKnownFileType = file.storyboard; name = Base; path = Base.lproj/Main.storyboard; sourceTree = "<group>"; };
		CC66086F1E3F4957008712D2 /* Assets.xcassets */ = {isa = PBXFileReference; lastKnownFileType = folder.assetcatalog; path = Assets.xcassets; sourceTree = "<group>"; };
		CC6608721E3F4957008712D2 /* Base */ = {isa = PBXFileReference; lastKnownFileType = file.storyboard; name = Base; path = Base.lproj/LaunchScreen.storyboard; sourceTree = "<group>"; };
		CC6608741E3F4957008712D2 /* Info.plist */ = {isa = PBXFileReference; lastKnownFileType = text.plist.xml; path = Info.plist; sourceTree = "<group>"; };
/* End PBXFileReference section */

/* Begin PBXFrameworksBuildPhase section */
		CC6608621E3F4957008712D2 /* Frameworks */ = {
			isa = PBXFrameworksBuildPhase;
			buildActionMask = 2147483647;
			files = (
			);
			runOnlyForDeploymentPostprocessing = 0;
		};
/* End PBXFrameworksBuildPhase section */

/* Begin PBXGroup section */
		CC66085C1E3F4957008712D2 = {
			isa = PBXGroup;
			children = (
				CC6608671E3F4957008712D2 /* LogMeIn */,
				CC6608661E3F4957008712D2 /* Products */,
			);
			sourceTree = "<group>";
		};
		CC6608661E3F4957008712D2 /* Products */ = {
			isa = PBXGroup;
			children = (
				CC6608651E3F4957008712D2 /* LogMeIn.app */,
			);
			name = Products;
			sourceTree = "<group>";
		};
		CC6608671E3F4957008712D2 /* LogMeIn */ = {
			isa = PBXGroup;
			children = (
				CC6608681E3F4957008712D2 /* AppDelegate.swift */,
				CC66086A1E3F4957008712D2 /* ViewController.swift */,
				CC66086C1E3F4957008712D2 /* Main.storyboard */,
				CC66086F1E3F4957008712D2 /* Assets.xcassets */,
				CC6608711E3F4957008712D2 /* LaunchScreen.storyboard */,
				CC6608741E3F4957008712D2 /* Info.plist */,
			);
			path = LogMeIn;
			sourceTree = "<group>";
		};
/* End PBXGroup section */

/* Begin PBXNativeTarget section */
		CC6608641E3F4957008712D2 /* LogMeIn */ = {
			isa = PBXNativeTarget;
			buildConfigurationList = CC6608771E3F4957008712D2 /* Build configuration list for PBXNativeTarget "LogMeIn" */;
			buildPhases = (
				CC6608611E3F4957008712D2 /* Sources */,
				CC6608621E3F4957008712D2 /* Frameworks */,
				CC6608631E3F4957008712D2 /* Resources */,
			);
			buildRules = (
			);
			dependencies = (
			);
			name = LogMeIn;
			productName = LogMeIn;
			productReference = CC6608651E3F4957008712D2 /* LogMeIn.app */;
			productType = "com.apple.product-type.application";
		};
/* End PBXNativeTarget section */

/* Begin PBXProject section */
		CC66085D1E3F4957008712D2 /* Project object */ = {
			isa = PBXProject;
			attributes = {
				LastSwiftUpdateCheck = 0820;
				LastUpgradeCheck = 0820;
				ORGANIZATIONNAME = iosWorkshop2017;
				TargetAttributes = {
					CC6608641E3F4957008712D2 = {
						CreatedOnToolsVersion = 8.2.1;
						DevelopmentTeam = TUUBAVQP9G;
						ProvisioningStyle = Automatic;
					};
				};
			};
			buildConfigurationList = CC6608601E3F4957008712D2 /* Build configuration list for PBXProject "LogMeIn" */;
			compatibilityVersion = "Xcode 3.2";
			developmentRegion = English;
			hasScannedForEncodings = 0;
			knownRegions = (
				en,
				Base,
			);
			mainGroup = CC66085C1E3F4957008712D2;
			productRefGroup = CC6608661E3F4957008712D2 /* Products */;
			projectDirPath = "";
			projectRoot = "";
			targets = (
				CC6608641E3F4957008712D2 /* LogMeIn */,
			);
		};
/* End PBXProject section */

/* Begin PBXResourcesBuildPhase section */
		CC6608631E3F4957008712D2 /* Resources */ = {
			isa = PBXResourcesBuildPhase;
			buildActionMask = 2147483647;
			files = (
				CC6608731E3F4957008712D2 /* LaunchScreen.storyboard in Resources */,
				CC6608701E3F4957008712D2 /* Assets.xcassets in Resources */,
				CC66086E1E3F4957008712D2 /* Main.storyboard in Resources */,
			);
			runOnlyForDeploymentPostprocessing = 0;
		};
/* End PBXResourcesBuildPhase section */

/* Begin PBXSourcesBuildPhase section */
		CC6608611E3F4957008712D2 /* Sources */ = {
			isa = PBXSourcesBuildPhase;
			buildActionMask = 2147483647;
			files = (
				CC66086B1E3F4957008712D2 /* ViewController.swift in Sources */,
				CC6608691E3F4957008712D2 /* AppDelegate.swift in Sources */,
			);
			runOnlyForDeploymentPostprocessing = 0;
		};
/* End PBXSourcesBuildPhase section */

/* Begin PBXVariantGroup section */
		CC66086C1E3F4957008712D2 /* Main.storyboard */ = {
			isa = PBXVariantGroup;
			children = (
				CC66086D1E3F4957008712D2 /* Base */,
			);
			name = Main.storyboard;
			sourceTree = "<group>";
		};
		CC6608711E3F4957008712D2 /* LaunchScreen.storyboard */ = {
			isa = PBXVariantGroup;
			children = (
				CC6608721E3F4957008712D2 /* Base */,
			);
			name = LaunchScreen.storyboard;
			sourceTree = "<group>";
		};
/* End PBXVariantGroup section */

/* Begin XCBuildConfiguration section */
		CC6608751E3F4957008712D2 /* Debug */ = {
			isa = XCBuildConfiguration;
			buildSettings = {
				ALWAYS_SEARCH_USER_PATHS = NO;
				CLANG_ANALYZER_NONNULL = YES;
				CLANG_CXX_LANGUAGE_STANDARD = "gnu++0x";
				CLANG_CXX_LIBRARY = "libc++";
				CLANG_ENABLE_MODULES = YES;
				CLANG_ENABLE_OBJC_ARC = YES;
				CLANG_WARN_BOOL_CONVERSION = YES;
				CLANG_WARN_CONSTANT_CONVERSION = YES;
				CLANG_WARN_DIRECT_OBJC_ISA_USAGE = YES_ERROR;
				CLANG_WARN_DOCUMENTATION_COMMENTS = YES;
				CLANG_WARN_EMPTY_BODY = YES;
				CLANG_WARN_ENUM_CONVERSION = YES;
				CLANG_WARN_INFINITE_RECURSION = YES;
				CLANG_WARN_INT_CONVERSION = YES;
				CLANG_WARN_OBJC_ROOT_CLASS = YES_ERROR;
				CLANG_WARN_SUSPICIOUS_MOVE = YES;
				CLANG_WARN_UNREACHABLE_CODE = YES;
				CLANG_WARN__DUPLICATE_METHOD_MATCH = YES;
				"CODE_SIGN_IDENTITY[sdk=iphoneos*]" = "iPhone Developer";
				COPY_PHASE_STRIP = NO;
				DEBUG_INFORMATION_FORMAT = dwarf;
				ENABLE_STRICT_OBJC_MSGSEND = YES;
				ENABLE_TESTABILITY = YES;
				GCC_C_LANGUAGE_STANDARD = gnu99;
				GCC_DYNAMIC_NO_PIC = NO;
				GCC_NO_COMMON_BLOCKS = YES;
				GCC_OPTIMIZATION_LEVEL = 0;
				GCC_PREPROCESSOR_DEFINITIONS = (
					"DEBUG=1",
					"$(inherited)",
				);
				GCC_WARN_64_TO_32_BIT_CONVERSION = YES;
				GCC_WARN_ABOUT_RETURN_TYPE = YES_ERROR;
				GCC_WARN_UNDECLARED_SELECTOR = YES;
				GCC_WARN_UNINITIALIZED_AUTOS = YES_AGGRESSIVE;
				GCC_WARN_UNUSED_FUNCTION = YES;
				GCC_WARN_UNUSED_VARIABLE = YES;
				IPHONEOS_DEPLOYMENT_TARGET = 10.2;
				MTL_ENABLE_DEBUG_INFO = YES;
				ONLY_ACTIVE_ARCH = YES;
				SDKROOT = iphoneos;
				SWIFT_ACTIVE_COMPILATION_CONDITIONS = DEBUG;
				SWIFT_OPTIMIZATION_LEVEL = "-Onone";
				TARGETED_DEVICE_FAMILY = "1,2";
			};
			name = Debug;
		};
		CC6608761E3F4957008712D2 /* Release */ = {
			isa = XCBuildConfiguration;
			buildSettings = {
				ALWAYS_SEARCH_USER_PATHS = NO;
				CLANG_ANALYZER_NONNULL = YES;
				CLANG_CXX_LANGUAGE_STANDARD = "gnu++0x";
				CLANG_CXX_LIBRARY = "libc++";
				CLANG_ENABLE_MODULES = YES;
				CLANG_ENABLE_OBJC_ARC = YES;
				CLANG_WARN_BOOL_CONVERSION = YES;
				CLANG_WARN_CONSTANT_CONVERSION = YES;
				CLANG_WARN_DIRECT_OBJC_ISA_USAGE = YES_ERROR;
				CLANG_WARN_DOCUMENTATION_COMMENTS = YES;
				CLANG_WARN_EMPTY_BODY = YES;
				CLANG_WARN_ENUM_CONVERSION = YES;
				CLANG_WARN_INFINITE_RECURSION = YES;
				CLANG_WARN_INT_CONVERSION = YES;
				CLANG_WARN_OBJC_ROOT_CLASS = YES_ERROR;
				CLANG_WARN_SUSPICIOUS_MOVE = YES;
				CLANG_WARN_UNREACHABLE_CODE = YES;
				CLANG_WARN__DUPLICATE_METHOD_MATCH = YES;
				"CODE_SIGN_IDENTITY[sdk=iphoneos*]" = "iPhone Developer";
				COPY_PHASE_STRIP = NO;
				DEBUG_INFORMATION_FORMAT = "dwarf-with-dsym";
				ENABLE_NS_ASSERTIONS = NO;
				ENABLE_STRICT_OBJC_MSGSEND = YES;
				GCC_C_LANGUAGE_STANDARD = gnu99;
				GCC_NO_COMMON_BLOCKS = YES;
				GCC_WARN_64_TO_32_BIT_CONVERSION = YES;
				GCC_WARN_ABOUT_RETURN_TYPE = YES_ERROR;
				GCC_WARN_UNDECLARED_SELECTOR = YES;
				GCC_WARN_UNINITIALIZED_AUTOS = YES_AGGRESSIVE;
				GCC_WARN_UNUSED_FUNCTION = YES;
				GCC_WARN_UNUSED_VARIABLE = YES;
				IPHONEOS_DEPLOYMENT_TARGET = 10.2;
				MTL_ENABLE_DEBUG_INFO = NO;
				SDKROOT = iphoneos;
				SWIFT_OPTIMIZATION_LEVEL = "-Owholemodule";
				TARGETED_DEVICE_FAMILY = "1,2";
				VALIDATE_PRODUCT = YES;
			};
			name = Release;
		};
		CC6608781E3F4957008712D2 /* Debug */ = {
			isa = XCBuildConfiguration;
			buildSettings = {
				ASSETCATALOG_COMPILER_APPICON_NAME = AppIcon;
				DEVELOPMENT_TEAM = TUUBAVQP9G;
				INFOPLIST_FILE = LogMeIn/Info.plist;
				LD_RUNPATH_SEARCH_PATHS = "$(inherited) @executable_path/Frameworks";
				PRODUCT_BUNDLE_IDENTIFIER = com.iosWorkshop2017.LogMeIn;
				PRODUCT_NAME = "$(TARGET_NAME)";
				SWIFT_VERSION = 3.0;
			};
			name = Debug;
		};
		CC6608791E3F4957008712D2 /* Release */ = {
			isa = XCBuildConfiguration;
			buildSettings = {
				ASSETCATALOG_COMPILER_APPICON_NAME = AppIcon;
				DEVELOPMENT_TEAM = TUUBAVQP9G;
				INFOPLIST_FILE = LogMeIn/Info.plist;
				LD_RUNPATH_SEARCH_PATHS = "$(inherited) @executable_path/Frameworks";
				PRODUCT_BUNDLE_IDENTIFIER = com.iosWorkshop2017.LogMeIn;
				PRODUCT_NAME = "$(TARGET_NAME)";
				SWIFT_VERSION = 3.0;
			};
			name = Release;
		};
/* End XCBuildConfiguration section */

/* Begin XCConfigurationList section */
		CC6608601E3F4957008712D2 /* Build configuration list for PBXProject "LogMeIn" */ = {
			isa = XCConfigurationList;
			buildConfigurations = (
				CC6608751E3F4957008712D2 /* Debug */,
				CC6608761E3F4957008712D2 /* Release */,
			);
			defaultConfigurationIsVisible = 0;
			defaultConfigurationName = Release;
		};
		CC6608771E3F4957008712D2 /* Build configuration list for PBXNativeTarget "LogMeIn" */ = {
			isa = XCConfigurationList;
			buildConfigurations = (
				CC6608781E3F4957008712D2 /* Debug */,
				CC6608791E3F4957008712D2 /* Release */,
			);
			defaultConfigurationIsVisible = 0;
		};
/* End XCConfigurationList section */
	};
	rootObject = CC66085D1E3F4957008712D2 /* Project object */;
}
